
Microsoft Visual Studio Solution File, Format Version 12.00
# Visual Studio 15
VisualStudioVersion = 15.0.28307.329
MinimumVisualStudioVersion = 10.0.40219.1
Project("{9A19103F-16F7-4668-BE54-9A1E7A4F7556}") = "pokemon-card", "pokemon-card.csproj", "{D86463A1-D99D-4171-8269-D905F812AB89}"
EndProject
Global
	GlobalSection(SolutionConfigurationPlatforms) = preSolution
		Debug|Any CPU = Debug|Any CPU
		Release|Any CPU = Release|Any CPU
	EndGlobalSection
	GlobalSection(ProjectConfigurationPlatforms) = postSolution
		{D86463A1-D99D-4171-8269-D905F812AB89}.Debug|Any CPU.ActiveCfg = Debug|Any CPU
		{D86463A1-D99D-4171-8269-D905F812AB89}.Debug|Any CPU.Build.0 = Debug|Any CPU
		{D86463A1-D99D-4171-8269-D905F812AB89}.Release|Any CPU.ActiveCfg = Release|Any CPU
		{D86463A1-D99D-4171-8269-D905F812AB89}.Release|Any CPU.Build.0 = Release|Any CPU
	EndGlobalSection
	GlobalSection(SolutionProperties) = preSolution
		HideSolutionNode = FALSE
	EndGlobalSection
	GlobalSection(ExtensibilityGlobals) = postSolution
		SolutionGuid = {22BCA26D-BE36-44D1-8E6F-57549E27077C}
	EndGlobalSection
EndGlobal
